// !$*UTF8*$!
{
	archiveVersion = 1;
	classes = {
	};
	objectVersion = 77;
	objects = {

/* Begin PBXContainerItemProxy section */
		F4E3C61F2F11E1F4000B2022 /* PBXContainerItemProxy */ = {
			isa = PBXContainerItemProxy;
			containerPortal = F4E3C6042F11E1F4000B2022 /* Project object */;
			proxyType = 1;
			remoteGlobalIDString = F4E3C60B2F11E1F4000B2022;
			remoteInfo = "Swiss Coin";
		};
		F4E3C6292F11E1F4000B2022 /* PBXContainerItemProxy */ = {
			isa = PBXContainerItemProxy;
			containerPortal = F4E3C6042F11E1F4000B2022 /* Project object */;
			proxyType = 1;
			remoteGlobalIDString = F4E3C60B2F11E1F4000B2022;
			remoteInfo = "Swiss Coin";
		};
/* End PBXContainerItemProxy section */

/* Begin PBXFileReference section */
		F4E3C60C2F11E1F4000B2022 /* Swiss Coin.app */ = {isa = PBXFileReference; explicitFileType = wrapper.application; includeInIndex = 0; path = "Swiss Coin.app"; sourceTree = BUILT_PRODUCTS_DIR; };
		F4E3C61E2F11E1F4000B2022 /* Swiss CoinTests.xctest */ = {isa = PBXFileReference; explicitFileType = wrapper.cfbundle; includeInIndex = 0; path = "Swiss CoinTests.xctest"; sourceTree = BUILT_PRODUCTS_DIR; };
		F4E3C6282F11E1F4000B2022 /* Swiss CoinUITests.xctest */ = {isa = PBXFileReference; explicitFileType = wrapper.cfbundle; includeInIndex = 0; path = "Swiss CoinUITests.xctest"; sourceTree = BUILT_PRODUCTS_DIR; };
/* End PBXFileReference section */

/* Begin PBXFileSystemSynchronizedRootGroup section */
		F4E3C60E2F11E1F4000B2022 /* Swiss Coin */ = {
			isa = PBXFileSystemSynchronizedRootGroup;
			path = "Swiss Coin";
			sourceTree = "<group>";
		};
		F4E3C6212F11E1F4000B2022 /* Swiss CoinTests */ = {
			isa = PBXFileSystemSynchronizedRootGroup;
			path = "Swiss CoinTests";
			sourceTree = "<group>";
		};
		F4E3C62B2F11E1F4000B2022 /* Swiss CoinUITests */ = {
			isa = PBXFileSystemSynchronizedRootGroup;
			path = "Swiss CoinUITests";
			sourceTree = "<group>";
		};
/* End PBXFileSystemSynchronizedRootGroup section */

/* Begin PBXFrameworksBuildPhase section */
		F4E3C6092F11E1F4000B2022 /* Frameworks */ = {
			isa = PBXFrameworksBuildPhase;
			buildActionMask = 2147483647;
			files = (
			);
			runOnlyForDeploymentPostprocessing = 0;
		};
		F4E3C61B2F11E1F4000B2022 /* Frameworks */ = {
			isa = PBXFrameworksBuildPhase;
			buildActionMask = 2147483647;
			files = (
			);
			runOnlyForDeploymentPostprocessing = 0;
		};
		F4E3C6252F11E1F4000B2022 /* Frameworks */ = {
			isa = PBXFrameworksBuildPhase;
			buildActionMask = 2147483647;
			files = (
			);
			runOnlyForDeploymentPostprocessing = 0;
		};
/* End PBXFrameworksBuildPhase section */

/* Begin PBXGroup section */
		F4E3C6032F11E1F4000B2022 = {
			isa = PBXGroup;
			children = (
				F4E3C60E2F11E1F4000B2022 /* Swiss Coin */,
				F4E3C6212F11E1F4000B2022 /* Swiss CoinTests */,
				F4E3C62B2F11E1F4000B2022 /* Swiss CoinUITests */,
				F4E3C60D2F11E1F4000B2022 /* Products */,
			);
			sourceTree = "<group>";
		};
		F4E3C60D2F11E1F4000B2022 /* Products */ = {
			isa = PBXGroup;
			children = (
				F4E3C60C2F11E1F4000B2022 /* Swiss Coin.app */,
				F4E3C61E2F11E1F4000B2022 /* Swiss CoinTests.xctest */,
				F4E3C6282F11E1F4000B2022 /* Swiss CoinUITests.xctest */,
			);
			name = Products;
			sourceTree = "<group>";
		};
/* End PBXGroup section */

/* Begin PBXNativeTarget section */
		F4E3C60B2F11E1F4000B2022 /* Swiss Coin */ = {
			isa = PBXNativeTarget;
			buildConfigurationList = F4E3C6322F11E1F4000B2022 /* Build configuration list for PBXNativeTarget "Swiss Coin" */;
			buildPhases = (
				F4E3C6082F11E1F4000B2022 /* Sources */,
				F4E3C6092F11E1F4000B2022 /* Frameworks */,
				F4E3C60A2F11E1F4000B2022 /* Resources */,
			);
			buildRules = (
			);
			dependencies = (
			);
			fileSystemSynchronizedGroups = (
				F4E3C60E2F11E1F4000B2022 /* Swiss Coin */,
			);
			name = "Swiss Coin";
			packageProductDependencies = (
			);
			productName = "Swiss Coin";
			productReference = F4E3C60C2F11E1F4000B2022 /* Swiss Coin.app */;
			productType = "com.apple.product-type.application";
		};
		F4E3C61D2F11E1F4000B2022 /* Swiss CoinTests */ = {
			isa = PBXNativeTarget;
			buildConfigurationList = F4E3C6352F11E1F4000B2022 /* Build configuration list for PBXNativeTarget "Swiss CoinTests" */;
			buildPhases = (
				F4E3C61A2F11E1F4000B2022 /* Sources */,
				F4E3C61B2F11E1F4000B2022 /* Frameworks */,
				F4E3C61C2F11E1F4000B2022 /* Resources */,
			);
			buildRules = (
			);
			dependencies = (
				F4E3C6202F11E1F4000B2022 /* PBXTargetDependency */,
			);
			fileSystemSynchronizedGroups = (
				F4E3C6212F11E1F4000B2022 /* Swiss CoinTests */,
			);
			name = "Swiss CoinTests";
			packageProductDependencies = (
			);
			productName = "Swiss CoinTests";
			productReference = F4E3C61E2F11E1F4000B2022 /* Swiss CoinTests.xctest */;
			productType = "com.apple.product-type.bundle.unit-test";
		};
		F4E3C6272F11E1F4000B2022 /* Swiss CoinUITests */ = {
			isa = PBXNativeTarget;
			buildConfigurationList = F4E3C6382F11E1F4000B2022 /* Build configuration list for PBXNativeTarget "Swiss CoinUITests" */;
			buildPhases = (
				F4E3C6242F11E1F4000B2022 /* Sources */,
				F4E3C6252F11E1F4000B2022 /* Frameworks */,
				F4E3C6262F11E1F4000B2022 /* Resources */,
			);
			buildRules = (
			);
			dependencies = (
				F4E3C62A2F11E1F4000B2022 /* PBXTargetDependency */,
			);
			fileSystemSynchronizedGroups = (
				F4E3C62B2F11E1F4000B2022 /* Swiss CoinUITests */,
			);
			name = "Swiss CoinUITests";
			packageProductDependencies = (
			);
			productName = "Swiss CoinUITests";
			productReference = F4E3C6282F11E1F4000B2022 /* Swiss CoinUITests.xctest */;
			productType = "com.apple.product-type.bundle.ui-testing";
		};
/* End PBXNativeTarget section */

/* Begin PBXProject section */
		F4E3C6042F11E1F4000B2022 /* Project object */ = {
			isa = PBXProject;
			attributes = {
				BuildIndependentTargetsInParallel = 1;
				LastSwiftUpdateCheck = 2610;
				LastUpgradeCheck = 2620;
				TargetAttributes = {
					F4E3C60B2F11E1F4000B2022 = {
						CreatedOnToolsVersion = 26.1.1;
					};
					F4E3C61D2F11E1F4000B2022 = {
						CreatedOnToolsVersion = 26.1.1;
						TestTargetID = F4E3C60B2F11E1F4000B2022;
					};
					F4E3C6272F11E1F4000B2022 = {
						CreatedOnToolsVersion = 26.1.1;
						TestTargetID = F4E3C60B2F11E1F4000B2022;
					};
				};
			};
			buildConfigurationList = F4E3C6072F11E1F4000B2022 /* Build configuration list for PBXProject "Swiss Coin" */;
			developmentRegion = en;
			hasScannedForEncodings = 0;
			knownRegions = (
				en,
				Base,
			);
			mainGroup = F4E3C6032F11E1F4000B2022;
			minimizedProjectReferenceProxies = 1;
			preferredProjectObjectVersion = 77;
			productRefGroup = F4E3C60D2F11E1F4000B2022 /* Products */;
			projectDirPath = "";
			projectRoot = "";
			targets = (
				F4E3C60B2F11E1F4000B2022 /* Swiss Coin */,
				F4E3C61D2F11E1F4000B2022 /* Swiss CoinTests */,
				F4E3C6272F11E1F4000B2022 /* Swiss CoinUITests */,
			);
		};
/* End PBXProject section */

/* Begin PBXResourcesBuildPhase section */
		F4E3C60A2F11E1F4000B2022 /* Resources */ = {
			isa = PBXResourcesBuildPhase;
			buildActionMask = 2147483647;
			files = (
			);
			runOnlyForDeploymentPostprocessing = 0;
		};
		F4E3C61C2F11E1F4000B2022 /* Resources */ = {
			isa = PBXResourcesBuildPhase;
			buildActionMask = 2147483647;
			files = (
			);
			runOnlyForDeploymentPostprocessing = 0;
		};
		F4E3C6262F11E1F4000B2022 /* Resources */ = {
			isa = PBXResourcesBuildPhase;
			buildActionMask = 2147483647;
			files = (
			);
			runOnlyForDeploymentPostprocessing = 0;
		};
/* End PBXResourcesBuildPhase section */

/* Begin PBXSourcesBuildPhase section */
		F4E3C6082F11E1F4000B2022 /* Sources */ = {
			isa = PBXSourcesBuildPhase;
			buildActionMask = 2147483647;
			files = (
			);
			runOnlyForDeploymentPostprocessing = 0;
		};
		F4E3C61A2F11E1F4000B2022 /* Sources */ = {
			isa = PBXSourcesBuildPhase;
			buildActionMask = 2147483647;
			files = (
			);
			runOnlyForDeploymentPostprocessing = 0;
		};
		F4E3C6242F11E1F4000B2022 /* Sources */ = {
			isa = PBXSourcesBuildPhase;
			buildActionMask = 2147483647;
			files = (
			);
			runOnlyForDeploymentPostprocessing = 0;
		};
/* End PBXSourcesBuildPhase section */

/* Begin PBXTargetDependency section */
		F4E3C6202F11E1F4000B2022 /* PBXTargetDependency */ = {
			isa = PBXTargetDependency;
			target = F4E3C60B2F11E1F4000B2022 /* Swiss Coin */;
			targetProxy = F4E3C61F2F11E1F4000B2022 /* PBXContainerItemProxy */;
		};
		F4E3C62A2F11E1F4000B2022 /* PBXTargetDependency */ = {
			isa = PBXTargetDependency;
			target = F4E3C60B2F11E1F4000B2022 /* Swiss Coin */;
			targetProxy = F4E3C6292F11E1F4000B2022 /* PBXContainerItemProxy */;
		};
/* End PBXTargetDependency section */

/* Begin XCBuildConfiguration section */
		F4E3C6302F11E1F4000B2022 /* Debug */ = {
			isa = XCBuildConfiguration;
			buildSettings = {
				ALWAYS_SEARCH_USER_PATHS = NO;
				ASSETCATALOG_COMPILER_GENERATE_SWIFT_ASSET_SYMBOL_EXTENSIONS = YES;
				CLANG_ANALYZER_NONNULL = YES;
				CLANG_ANALYZER_NUMBER_OBJECT_CONVERSION = YES_AGGRESSIVE;
				CLANG_CXX_LANGUAGE_STANDARD = "gnu++20";
				CLANG_ENABLE_MODULES = YES;
				CLANG_ENABLE_OBJC_ARC = YES;
				CLANG_ENABLE_OBJC_WEAK = YES;
				CLANG_WARN_BLOCK_CAPTURE_AUTORELEASING = YES;
				CLANG_WARN_BOOL_CONVERSION = YES;
				CLANG_WARN_COMMA = YES;
				CLANG_WARN_CONSTANT_CONVERSION = YES;
				CLANG_WARN_DEPRECATED_OBJC_IMPLEMENTATIONS = YES;
				CLANG_WARN_DIRECT_OBJC_ISA_USAGE = YES_ERROR;
				CLANG_WARN_DOCUMENTATION_COMMENTS = YES;
				CLANG_WARN_EMPTY_BODY = YES;
				CLANG_WARN_ENUM_CONVERSION = YES;
				CLANG_WARN_INFINITE_RECURSION = YES;
				CLANG_WARN_INT_CONVERSION = YES;
				CLANG_WARN_NON_LITERAL_NULL_CONVERSION = YES;
				CLANG_WARN_OBJC_IMPLICIT_RETAIN_SELF = YES;
				CLANG_WARN_OBJC_LITERAL_CONVERSION = YES;
				CLANG_WARN_OBJC_ROOT_CLASS = YES_ERROR;
				CLANG_WARN_QUOTED_INCLUDE_IN_FRAMEWORK_HEADER = YES;
				CLANG_WARN_RANGE_LOOP_ANALYSIS = YES;
				CLANG_WARN_STRICT_PROTOTYPES = YES;
				CLANG_WARN_SUSPICIOUS_MOVE = YES;
				CLANG_WARN_UNGUARDED_AVAILABILITY = YES_AGGRESSIVE;
				CLANG_WARN_UNREACHABLE_CODE = YES;
				CLANG_WARN__DUPLICATE_METHOD_MATCH = YES;
				COPY_PHASE_STRIP = NO;
				DEBUG_INFORMATION_FORMAT = dwarf;
				DEVELOPMENT_TEAM = 4A7TYP7FGW;
				ENABLE_STRICT_OBJC_MSGSEND = YES;
				ENABLE_TESTABILITY = YES;
				ENABLE_USER_SCRIPT_SANDBOXING = YES;
				GCC_C_LANGUAGE_STANDARD = gnu17;
				GCC_DYNAMIC_NO_PIC = NO;
				GCC_NO_COMMON_BLOCKS = YES;
				GCC_OPTIMIZATION_LEVEL = 0;
				GCC_PREPROCESSOR_DEFINITIONS = (
					"DEBUG=1",
					"$(inherited)",
				);
				GCC_WARN_64_TO_32_BIT_CONVERSION = YES;
				GCC_WARN_ABOUT_RETURN_TYPE = YES_ERROR;
				GCC_WARN_UNDECLARED_SELECTOR = YES;
				GCC_WARN_UNINITIALIZED_AUTOS = YES_AGGRESSIVE;
				GCC_WARN_UNUSED_FUNCTION = YES;
				GCC_WARN_UNUSED_VARIABLE = YES;
				IPHONEOS_DEPLOYMENT_TARGET = 17.0;
				LOCALIZATION_PREFERS_STRING_CATALOGS = YES;
				MTL_ENABLE_DEBUG_INFO = INCLUDE_SOURCE;
				MTL_FAST_MATH = YES;
				ONLY_ACTIVE_ARCH = YES;
				SDKROOT = iphoneos;
				STRING_CATALOG_GENERATE_SYMBOLS = YES;
				SWIFT_ACTIVE_COMPILATION_CONDITIONS = "DEBUG $(inherited)";
				SWIFT_OPTIMIZATION_LEVEL = "-Onone";
			};
			name = Debug;
		};
		F4E3C6312F11E1F4000B2022 /* Release */ = {
			isa = XCBuildConfiguration;
			buildSettings = {
				ALWAYS_SEARCH_USER_PATHS = NO;
				ASSETCATALOG_COMPILER_GENERATE_SWIFT_ASSET_SYMBOL_EXTENSIONS = YES;
				CLANG_ANALYZER_NONNULL = YES;
				CLANG_ANALYZER_NUMBER_OBJECT_CONVERSION = YES_AGGRESSIVE;
				CLANG_CXX_LANGUAGE_STANDARD = "gnu++20";
				CLANG_ENABLE_MODULES = YES;
				CLANG_ENABLE_OBJC_ARC = YES;
				CLANG_ENABLE_OBJC_WEAK = YES;
				CLANG_WARN_BLOCK_CAPTURE_AUTORELEASING = YES;
				CLANG_WARN_BOOL_CONVERSION = YES;
				CLANG_WARN_COMMA = YES;
				CLANG_WARN_CONSTANT_CONVERSION = YES;
				CLANG_WARN_DEPRECATED_OBJC_IMPLEMENTATIONS = YES;
				CLANG_WARN_DIRECT_OBJC_ISA_USAGE = YES_ERROR;
				CLANG_WARN_DOCUMENTATION_COMMENTS = YES;
				CLANG_WARN_EMPTY_BODY = YES;
				CLANG_WARN_ENUM_CONVERSION = YES;
				CLANG_WARN_INFINITE_RECURSION = YES;
				CLANG_WARN_INT_CONVERSION = YES;
				CLANG_WARN_NON_LITERAL_NULL_CONVERSION = YES;
				CLANG_WARN_OBJC_IMPLICIT_RETAIN_SELF = YES;
				CLANG_WARN_OBJC_LITERAL_CONVERSION = YES;
				CLANG_WARN_OBJC_ROOT_CLASS = YES_ERROR;
				CLANG_WARN_QUOTED_INCLUDE_IN_FRAMEWORK_HEADER = YES;
				CLANG_WARN_RANGE_LOOP_ANALYSIS = YES;
				CLANG_WARN_STRICT_PROTOTYPES = YES;
				CLANG_WARN_SUSPICIOUS_MOVE = YES;
				CLANG_WARN_UNGUARDED_AVAILABILITY = YES_AGGRESSIVE;
				CLANG_WARN_UNREACHABLE_CODE = YES;
				CLANG_WARN__DUPLICATE_METHOD_MATCH = YES;
				COPY_PHASE_STRIP = NO;
				DEBUG_INFORMATION_FORMAT = "dwarf-with-dsym";
				DEVELOPMENT_TEAM = 4A7TYP7FGW;
				ENABLE_NS_ASSERTIONS = NO;
				ENABLE_STRICT_OBJC_MSGSEND = YES;
				ENABLE_USER_SCRIPT_SANDBOXING = YES;
				GCC_C_LANGUAGE_STANDARD = gnu17;
				GCC_NO_COMMON_BLOCKS = YES;
				GCC_WARN_64_TO_32_BIT_CONVERSION = YES;
				GCC_WARN_ABOUT_RETURN_TYPE = YES_ERROR;
				GCC_WARN_UNDECLARED_SELECTOR = YES;
				GCC_WARN_UNINITIALIZED_AUTOS = YES_AGGRESSIVE;
				GCC_WARN_UNUSED_FUNCTION = YES;
				GCC_WARN_UNUSED_VARIABLE = YES;
				IPHONEOS_DEPLOYMENT_TARGET = 17.0;
				LOCALIZATION_PREFERS_STRING_CATALOGS = YES;
				MTL_ENABLE_DEBUG_INFO = NO;
				MTL_FAST_MATH = YES;
				SDKROOT = iphoneos;
				STRING_CATALOG_GENERATE_SYMBOLS = YES;
				SWIFT_COMPILATION_MODE = wholemodule;
				VALIDATE_PRODUCT = YES;
			};
			name = Release;
		};
		F4E3C6332F11E1F4000B2022 /* Debug */ = {
			isa = XCBuildConfiguration;
			buildSettings = {
				ASSETCATALOG_COMPILER_APPICON_NAME = AppIcon;
				ASSETCATALOG_COMPILER_GLOBAL_ACCENT_COLOR_NAME = AccentColor;
				CODE_SIGN_STYLE = Automatic;
				CURRENT_PROJECT_VERSION = 1;
				DEVELOPMENT_TEAM = 4A7TYP7FGW;
				ENABLE_PREVIEWS = YES;
				GENERATE_INFOPLIST_FILE = YES;
				INFOPLIST_KEY_CFBundleDisplayName = "Swiss Coin";
				INFOPLIST_KEY_NSContactsUsageDescription = "Swiss Coin needs access to your contacts to help you split bills and track shared expenses with friends and family.";
				INFOPLIST_KEY_NSFaceIDUsageDescription = "Swiss Coin uses Face ID to protect your financial data and keep your account secure.";
				INFOPLIST_KEY_NSPhotoLibraryUsageDescription = "Swiss Coin needs access to your photo library to let you set a profile picture.";
				INFOPLIST_KEY_UIApplicationSceneManifest_Generation = YES;
				INFOPLIST_KEY_UIApplicationSupportsIndirectInputEvents = YES;
				INFOPLIST_KEY_UILaunchScreen_Generation = YES;
				INFOPLIST_KEY_UISupportedInterfaceOrientations_iPad = "UIInterfaceOrientationPortrait UIInterfaceOrientationPortraitUpsideDown UIInterfaceOrientationLandscapeLeft UIInterfaceOrientationLandscapeRight";
				INFOPLIST_KEY_UISupportedInterfaceOrientations_iPhone = "UIInterfaceOrientationPortrait UIInterfaceOrientationLandscapeLeft UIInterfaceOrientationLandscapeRight";
				IPHONEOS_DEPLOYMENT_TARGET = 17.0;
				LD_RUNPATH_SEARCH_PATHS = (
					"$(inherited)",
					"@executable_path/Frameworks",
				);
				MARKETING_VERSION = 1.0;
				PRODUCT_BUNDLE_IDENTIFIER = "SV.Swiss-Coin";
				PRODUCT_NAME = "$(TARGET_NAME)";
				STRING_CATALOG_GENERATE_SYMBOLS = YES;
				SWIFT_APPROACHABLE_CONCURRENCY = YES;
				SWIFT_DEFAULT_ACTOR_ISOLATION = MainActor;
				SWIFT_EMIT_LOC_STRINGS = YES;
				SWIFT_UPCOMING_FEATURE_MEMBER_IMPORT_VISIBILITY = YES;
				SWIFT_VERSION = 5.0;
				TARGETED_DEVICE_FAMILY = "1,2";
			};
			name = Debug;
		};
		F4E3C6342F11E1F4000B2022 /* Release */ = {
			isa = XCBuildConfiguration;
			buildSettings = {
				ASSETCATALOG_COMPILER_APPICON_NAME = AppIcon;
				ASSETCATALOG_COMPILER_GLOBAL_ACCENT_COLOR_NAME = AccentColor;
				CODE_SIGN_STYLE = Automatic;
				CURRENT_PROJECT_VERSION = 1;
				DEVELOPMENT_TEAM = 4A7TYP7FGW;
				ENABLE_PREVIEWS = YES;
				GENERATE_INFOPLIST_FILE = YES;
				INFOPLIST_KEY_CFBundleDisplayName = "Swiss Coin";
				INFOPLIST_KEY_NSContactsUsageDescription = "Swiss Coin needs access to your contacts to help you split bills and track shared expenses with friends and family.";
				INFOPLIST_KEY_NSFaceIDUsageDescription = "Swiss Coin uses Face ID to protect your financial data and keep your account secure.";
				INFOPLIST_KEY_NSPhotoLibraryUsageDescription = "Swiss Coin needs access to your photo library to let you set a profile picture.";
				INFOPLIST_KEY_UIApplicationSceneManifest_Generation = YES;
				INFOPLIST_KEY_UIApplicationSupportsIndirectInputEvents = YES;
				INFOPLIST_KEY_UILaunchScreen_Generation = YES;
				INFOPLIST_KEY_UISupportedInterfaceOrientations_iPad = "UIInterfaceOrientationPortrait UIInterfaceOrientationPortraitUpsideDown UIInterfaceOrientationLandscapeLeft UIInterfaceOrientationLandscapeRight";
				INFOPLIST_KEY_UISupportedInterfaceOrientations_iPhone = "UIInterfaceOrientationPortrait UIInterfaceOrientationLandscapeLeft UIInterfaceOrientationLandscapeRight";
				IPHONEOS_DEPLOYMENT_TARGET = 17.0;
				LD_RUNPATH_SEARCH_PATHS = (
					"$(inherited)",
					"@executable_path/Frameworks",
				);
				MARKETING_VERSION = 1.0;
				PRODUCT_BUNDLE_IDENTIFIER = "SV.Swiss-Coin";
				PRODUCT_NAME = "$(TARGET_NAME)";
				STRING_CATALOG_GENERATE_SYMBOLS = YES;
				SWIFT_APPROACHABLE_CONCURRENCY = YES;
				SWIFT_DEFAULT_ACTOR_ISOLATION = MainActor;
				SWIFT_EMIT_LOC_STRINGS = YES;
				SWIFT_UPCOMING_FEATURE_MEMBER_IMPORT_VISIBILITY = YES;
				SWIFT_VERSION = 5.0;
				TARGETED_DEVICE_FAMILY = "1,2";
			};
			name = Release;
		};
		F4E3C6362F11E1F4000B2022 /* Debug */ = {
			isa = XCBuildConfiguration;
			buildSettings = {
				BUNDLE_LOADER = "$(TEST_HOST)";
				CODE_SIGN_STYLE = Automatic;
				CURRENT_PROJECT_VERSION = 1;
				DEVELOPMENT_TEAM = 4A7TYP7FGW;
				GENERATE_INFOPLIST_FILE = YES;
				INFOPLIST_KEY_NSContactsUsageDescription = "We need access to your contacts to let you easily split bills with friends.";
				IPHONEOS_DEPLOYMENT_TARGET = 17.0;
				MARKETING_VERSION = 1.0;
				PRODUCT_BUNDLE_IDENTIFIER = "SV.Swiss-CoinTests";
				PRODUCT_NAME = "$(TARGET_NAME)";
				STRING_CATALOG_GENERATE_SYMBOLS = NO;
				SWIFT_APPROACHABLE_CONCURRENCY = YES;
				SWIFT_EMIT_LOC_STRINGS = NO;
				SWIFT_UPCOMING_FEATURE_MEMBER_IMPORT_VISIBILITY = YES;
				SWIFT_VERSION = 5.0;
				TARGETED_DEVICE_FAMILY = "1,2";
				TEST_HOST = "$(BUILT_PRODUCTS_DIR)/Swiss Coin.app/$(BUNDLE_EXECUTABLE_FOLDER_PATH)/Swiss Coin";
			};
			name = Debug;
		};
		F4E3C6372F11E1F4000B2022 /* Release */ = {
			isa = XCBuildConfiguration;
			buildSettings = {
				BUNDLE_LOADER = "$(TEST_HOST)";
				CODE_SIGN_STYLE = Automatic;
				CURRENT_PROJECT_VERSION = 1;
				DEVELOPMENT_TEAM = 4A7TYP7FGW;
				GENERATE_INFOPLIST_FILE = YES;
				INFOPLIST_KEY_NSContactsUsageDescription = "We need access to your contacts to let you easily split bills with friends.";
				IPHONEOS_DEPLOYMENT_TARGET = 17.0;
				MARKETING_VERSION = 1.0;
				PRODUCT_BUNDLE_IDENTIFIER = "SV.Swiss-CoinTests";
				PRODUCT_NAME = "$(TARGET_NAME)";
				STRING_CATALOG_GENERATE_SYMBOLS = NO;
				SWIFT_APPROACHABLE_CONCURRENCY = YES;
				SWIFT_EMIT_LOC_STRINGS = NO;
				SWIFT_UPCOMING_FEATURE_MEMBER_IMPORT_VISIBILITY = YES;
				SWIFT_VERSION = 5.0;
				TARGETED_DEVICE_FAMILY = "1,2";
				TEST_HOST = "$(BUILT_PRODUCTS_DIR)/Swiss Coin.app/$(BUNDLE_EXECUTABLE_FOLDER_PATH)/Swiss Coin";
			};
			name = Release;
		};
		F4E3C6392F11E1F4000B2022 /* Debug */ = {
			isa = XCBuildConfiguration;
			buildSettings = {
				CODE_SIGN_STYLE = Automatic;
				CURRENT_PROJECT_VERSION = 1;
				DEVELOPMENT_TEAM = 4A7TYP7FGW;
				GENERATE_INFOPLIST_FILE = YES;
				INFOPLIST_KEY_NSContactsUsageDescription = "We need access to your contacts to let you easily split bills with friends.";
				MARKETING_VERSION = 1.0;
				PRODUCT_BUNDLE_IDENTIFIER = "SV.Swiss-CoinUITests";
				PRODUCT_NAME = "$(TARGET_NAME)";
				STRING_CATALOG_GENERATE_SYMBOLS = NO;
				SWIFT_APPROACHABLE_CONCURRENCY = YES;
				SWIFT_EMIT_LOC_STRINGS = NO;
				SWIFT_UPCOMING_FEATURE_MEMBER_IMPORT_VISIBILITY = YES;
				SWIFT_VERSION = 5.0;
				TARGETED_DEVICE_FAMILY = "1,2";
				TEST_TARGET_NAME = "Swiss Coin";
			};
			name = Debug;
		};
		F4E3C63A2F11E1F4000B2022 /* Release */ = {
			isa = XCBuildConfiguration;
			buildSettings = {
				CODE_SIGN_STYLE = Automatic;
				CURRENT_PROJECT_VERSION = 1;
				DEVELOPMENT_TEAM = 4A7TYP7FGW;
				GENERATE_INFOPLIST_FILE = YES;
				INFOPLIST_KEY_NSContactsUsageDescription = "We need access to your contacts to let you easily split bills with friends.";
				MARKETING_VERSION = 1.0;
				PRODUCT_BUNDLE_IDENTIFIER = "SV.Swiss-CoinUITests";
				PRODUCT_NAME = "$(TARGET_NAME)";
				STRING_CATALOG_GENERATE_SYMBOLS = NO;
				SWIFT_APPROACHABLE_CONCURRENCY = YES;
				SWIFT_EMIT_LOC_STRINGS = NO;
				SWIFT_UPCOMING_FEATURE_MEMBER_IMPORT_VISIBILITY = YES;
				SWIFT_VERSION = 5.0;
				TARGETED_DEVICE_FAMILY = "1,2";
				TEST_TARGET_NAME = "Swiss Coin";
			};
			name = Release;
		};
/* End XCBuildConfiguration section */

/* Begin XCConfigurationList section */
		F4E3C6072F11E1F4000B2022 /* Build configuration list for PBXProject "Swiss Coin" */ = {
			isa = XCConfigurationList;
			buildConfigurations = (
				F4E3C6302F11E1F4000B2022 /* Debug */,
				F4E3C6312F11E1F4000B2022 /* Release */,
			);
			defaultConfigurationIsVisible = 0;
			defaultConfigurationName = Release;
		};
		F4E3C6322F11E1F4000B2022 /* Build configuration list for PBXNativeTarget "Swiss Coin" */ = {
			isa = XCConfigurationList;
			buildConfigurations = (
				F4E3C6332F11E1F4000B2022 /* Debug */,
				F4E3C6342F11E1F4000B2022 /* Release */,
			);
			defaultConfigurationIsVisible = 0;
			defaultConfigurationName = Release;
		};
		F4E3C6352F11E1F4000B2022 /* Build configuration list for PBXNativeTarget "Swiss CoinTests" */ = {
			isa = XCConfigurationList;
			buildConfigurations = (
				F4E3C6362F11E1F4000B2022 /* Debug */,
				F4E3C6372F11E1F4000B2022 /* Release */,
			);
			defaultConfigurationIsVisible = 0;
			defaultConfigurationName = Release;
		};
		F4E3C6382F11E1F4000B2022 /* Build configuration list for PBXNativeTarget "Swiss CoinUITests" */ = {
			isa = XCConfigurationList;
			buildConfigurations = (
				F4E3C6392F11E1F4000B2022 /* Debug */,
				F4E3C63A2F11E1F4000B2022 /* Release */,
			);
			defaultConfigurationIsVisible = 0;
			defaultConfigurationName = Release;
		};
/* End XCConfigurationList section */
	};
	rootObject = F4E3C6042F11E1F4000B2022 /* Project object */;
}
